
Microsoft Visual Studio Solution File, Format Version 12.00
# Visual Studio Version 17
VisualStudioVersion = 17.8.34330.188
MinimumVisualStudioVersion = 10.0.40219.1
Project("{9A19103F-16F7-4668-BE54-9A1E7A4F7556}") = "Dacris.Maestro", "Dacris.Maestro.csproj", "{CF3C1A32-7C83-4E0E-BAFD-F797E598A732}"
EndProject
Project("{9A19103F-16F7-4668-BE54-9A1E7A4F7556}") = "SampleLogicApp", "..\SampleLogicApp\SampleLogicApp.csproj", "{2C918F8C-6999-4589-9146-90B3410AEA14}"
EndProject
Project("{9A19103F-16F7-4668-BE54-9A1E7A4F7556}") = "LogicAppRunner", "..\LogicAppRunner\LogicAppRunner.csproj", "{1F0EE482-B1EA-4BE0-8A60-16233B537F2B}"
EndProject
Project("{9A19103F-16F7-4668-BE54-9A1E7A4F7556}") = "SampleCustomLib", "..\SampleCustomLib\SampleCustomLib.csproj", "{78217AAE-7726-4333-806F-566A81305643}"
EndProject
Project("{9A19103F-16F7-4668-BE54-9A1E7A4F7556}") = "Dacris.AzureStorage", "..\Dacris.AzureStorage\Dacris.AzureStorage.csproj", "{B20F5BC4-4081-456D-9FFF-B589936097CD}"
EndProject
Project("{FAE04EC0-301F-11D3-BF4B-00C04F79EFBC}") = "Dacris.GoogleIntegration", "..\Dacris.GoogleIntegration\Dacris.GoogleIntegration.csproj", "{52D5508D-B2BF-4F06-BD0B-C6149B07B668}"
EndProject
Global
	GlobalSection(SolutionConfigurationPlatforms) = preSolution
		Debug|Any CPU = Debug|Any CPU
		Release|Any CPU = Release|Any CPU
	EndGlobalSection
	GlobalSection(ProjectConfigurationPlatforms) = postSolution
		{CF3C1A32-7C83-4E0E-BAFD-F797E598A732}.Debug|Any CPU.ActiveCfg = Debug|Any CPU
		{CF3C1A32-7C83-4E0E-BAFD-F797E598A732}.Debug|Any CPU.Build.0 = Debug|Any CPU
		{CF3C1A32-7C83-4E0E-BAFD-F797E598A732}.Release|Any CPU.ActiveCfg = Release|Any CPU
		{CF3C1A32-7C83-4E0E-BAFD-F797E598A732}.Release|Any CPU.Build.0 = Release|Any CPU
		{2C918F8C-6999-4589-9146-90B3410AEA14}.Debug|Any CPU.ActiveCfg = Debug|Any CPU
		{2C918F8C-6999-4589-9146-90B3410AEA14}.Debug|Any CPU.Build.0 = Debug|Any CPU
		{2C918F8C-6999-4589-9146-90B3410AEA14}.Release|Any CPU.ActiveCfg = Release|Any CPU
		{2C918F8C-6999-4589-9146-90B3410AEA14}.Release|Any CPU.Build.0 = Release|Any CPU
		{1F0EE482-B1EA-4BE0-8A60-16233B537F2B}.Debug|Any CPU.ActiveCfg = Debug|Any CPU
		{1F0EE482-B1EA-4BE0-8A60-16233B537F2B}.Debug|Any CPU.Build.0 = Debug|Any CPU
		{1F0EE482-B1EA-4BE0-8A60-16233B537F2B}.Release|Any CPU.ActiveCfg = Release|Any CPU
		{1F0EE482-B1EA-4BE0-8A60-16233B537F2B}.Release|Any CPU.Build.0 = Release|Any CPU
		{78217AAE-7726-4333-806F-566A81305643}.Debug|Any CPU.ActiveCfg = Debug|Any CPU
		{78217AAE-7726-4333-806F-566A81305643}.Debug|Any CPU.Build.0 = Debug|Any CPU
		{78217AAE-7726-4333-806F-566A81305643}.Release|Any CPU.ActiveCfg = Release|Any CPU
		{78217AAE-7726-4333-806F-566A81305643}.Release|Any CPU.Build.0 = Release|Any CPU
		{B20F5BC4-4081-456D-9FFF-B589936097CD}.Debug|Any CPU.ActiveCfg = Debug|Any CPU
		{B20F5BC4-4081-456D-9FFF-B589936097CD}.Debug|Any CPU.Build.0 = Debug|Any CPU
		{B20F5BC4-4081-456D-9FFF-B589936097CD}.Release|Any CPU.ActiveCfg = Release|Any CPU
		{B20F5BC4-4081-456D-9FFF-B589936097CD}.Release|Any CPU.Build.0 = Release|Any CPU
		{52D5508D-B2BF-4F06-BD0B-C6149B07B668}.Debug|Any CPU.ActiveCfg = Debug|Any CPU
		{52D5508D-B2BF-4F06-BD0B-C6149B07B668}.Debug|Any CPU.Build.0 = Debug|Any CPU
		{52D5508D-B2BF-4F06-BD0B-C6149B07B668}.Release|Any CPU.ActiveCfg = Release|Any CPU
		{52D5508D-B2BF-4F06-BD0B-C6149B07B668}.Release|Any CPU.Build.0 = Release|Any CPU
	EndGlobalSection
	GlobalSection(SolutionProperties) = preSolution
		HideSolutionNode = FALSE
	EndGlobalSection
	GlobalSection(ExtensibilityGlobals) = postSolution
		SolutionGuid = {25B00614-EA1F-48BF-A8D7-E3CEBC137B4B}
	EndGlobalSection
EndGlobal
